
Microsoft Visual Studio Solution File, Format Version 12.00
# Visual Studio 2013
VisualStudioVersion = 12.0.21005.1
MinimumVisualStudioVersion = 10.0.40219.1
Project("{888888A0-9F3D-457C-B088-3A5042F75D52}") = "Largest Rectangle in Histogram", "Largest Rectangle in Histogram\Largest Rectangle in Histogram.pyproj", "{2D1B26F6-F05C-40F4-AA8B-85F222F3ABEF}"
EndProject
Project("{888888A0-9F3D-457C-B088-3A5042F75D52}") = "Validate Binary Search Tree", "Validate Binary Search Tree\Validate Binary Search Tree.pyproj", "{61B888AD-F94E-4A7F-ABDE-D51BB9EC18E3}"
EndProject
Project("{888888A0-9F3D-457C-B088-3A5042F75D52}") = "Unique Binary Search Trees", "Unique Binary Search Trees\Unique Binary Search Trees.pyproj", "{C55BACA0-0AA0-4D84-B6CD-7207D630110B}"
EndProject
Project("{888888A0-9F3D-457C-B088-3A5042F75D52}") = "Unique Binary Search Trees II", "Unique Binary Search Trees II\Unique Binary Search Trees II.pyproj", "{26261155-E3BC-4AF0-8E09-5F5A6F508D0F}"
EndProject
Project("{888888A0-9F3D-457C-B088-3A5042F75D52}") = "Symmetric Tree", "Symmetric Tree\Symmetric Tree.pyproj", "{2A1608E7-D969-41AC-93A5-EA70B70ABD8D}"
EndProject
Project("{888888A0-9F3D-457C-B088-3A5042F75D52}") = "Sum Root to Leaf Numbers", "Sum Root to Leaf Numbers\Sum Root to Leaf Numbers.pyproj", "{40CEFC72-1777-469E-9672-D169BBCB0D6B}"
EndProject
Project("{888888A0-9F3D-457C-B088-3A5042F75D52}") = "Same Tree", "Same Tree\Same Tree.pyproj", "{9086ABC3-CBF7-4FFC-8E50-A68D27D28422}"
EndProject
Project("{888888A0-9F3D-457C-B088-3A5042F75D52}") = "Recover Binary Search Tree", "Recover Binary Search Tree\Recover Binary Search Tree.pyproj", "{DEECBF51-926C-4119-9EB3-90053FECF16A}"
EndProject
Project("{888888A0-9F3D-457C-B088-3A5042F75D52}") = "Populating Next Right Pointers in Each Node", "Populating Next Right Pointers in Each Node\Populating Next Right Pointers in Each Node.pyproj", "{B906AA7A-8D9E-499F-A009-4A18B4B4E5EE}"
EndProject
Project("{888888A0-9F3D-457C-B088-3A5042F75D52}") = "Populating Next Right Pointers in Each Node II", "Populating Next Right Pointers in Each Node II\Populating Next Right Pointers in Each Node II.pyproj", "{E6B6B6A6-2714-4BCE-BF7F-AF812E718AF1}"
EndProject
Project("{888888A0-9F3D-457C-B088-3A5042F75D52}") = "Path Sum", "Path Sum\Path Sum.pyproj", "{C55D7730-6C3F-4965-9184-8FF7266A6E06}"
EndProject
Project("{888888A0-9F3D-457C-B088-3A5042F75D52}") = "path_sum_ii", "path_sum_ii\path_sum_ii.pyproj", "{64B2784F-BE8B-4E8C-BB27-B115D377FF21}"
EndProject
Project("{888888A0-9F3D-457C-B088-3A5042F75D52}") = "minimum_depth_of_binary_tree", "minimum_depth_of_binary_tree\minimum_depth_of_binary_tree.pyproj", "{C714C744-B701-49F3-A38B-4BD6C557F7FB}"
EndProject
Project("{888888A0-9F3D-457C-B088-3A5042F75D52}") = "maxmium_depth_of_binary_tree", "maxmium_depth_of_binary_tree\maxmium_depth_of_binary_tree.pyproj", "{E01BC900-8C81-417D-A3A0-CE6C9768819E}"
EndProject
Project("{888888A0-9F3D-457C-B088-3A5042F75D52}") = "flatten_binary_tree_to_linked_list", "flatten_binary_tree_to_linked_list\flatten_binary_tree_to_linked_list.pyproj", "{0DADE8F2-4362-4DF8-AECB-9E222830D3CA}"
EndProject
Project("{888888A0-9F3D-457C-B088-3A5042F75D52}") = "converted_sorted_array_to_bst", "converted_sorted_tree_to_bst\converted_sorted_array_to_bst.pyproj", "{C337E0F9-2827-4455-89E8-5D31A773C335}"
EndProject
Project("{888888A0-9F3D-457C-B088-3A5042F75D52}") = "construct binary tree from preorder and inorder", "construct binary tree from preorder and inorder\construct binary tree from preorder and inorder.pyproj", "{02A983AD-261C-4D7B-BB8A-0BAE45B3A00B}"
EndProject
Project("{888888A0-9F3D-457C-B088-3A5042F75D52}") = "construct_binry_tree_from_inorder_and_postorder", "construct_binry_tree_from_inorder_and_postorder\construct_binry_tree_from_inorder_and_postorder.pyproj", "{E12C5F5F-D0A6-43DE-94B4-706A592DAD73}"
EndProject
Project("{888888A0-9F3D-457C-B088-3A5042F75D52}") = "Binary Tree Zigzag Level Order Traversal", "Binary Tree Zigzag Level Order Traversal\Binary Tree Zigzag Level Order Traversal.pyproj", "{798D6A42-B77F-4C65-95B5-F89E36C132AD}"
EndProject
Project("{888888A0-9F3D-457C-B088-3A5042F75D52}") = "Binary Tree Preorder Traversal", "Binary Tree Preorder Traversal\Binary Tree Preorder Traversal.pyproj", "{A3716852-52AC-4B82-8651-D8FD4758860C}"
EndProject
Project("{888888A0-9F3D-457C-B088-3A5042F75D52}") = "Binary Tree Postorder Traversal", "Binary Tree Postorder Traversal\Binary Tree Postorder Traversal.pyproj", "{E872F93C-7540-4E68-8EF1-8C5670C67AD2}"
EndProject
Project("{888888A0-9F3D-457C-B088-3A5042F75D52}") = "Binary Tree Maximum Path Sum", "Binary Tree Maximum Path Sum\Binary Tree Maximum Path Sum.pyproj", "{71234648-FF11-4011-8635-8B298C92B9BD}"
EndProject
Project("{888888A0-9F3D-457C-B088-3A5042F75D52}") = "Binary Tree Level Order Traversal", "Binary Tree Level Order Traversal\Binary Tree Level Order Traversal.pyproj", "{6E8E4F5A-7277-400A-9DDA-A7851EA71E60}"
EndProject
Project("{888888A0-9F3D-457C-B088-3A5042F75D52}") = "Binary Tree Level Order Traversal II", "Binary Tree Level Order Traversal II\Binary Tree Level Order Traversal II.pyproj", "{2D8EFB72-C2CA-49C1-861D-48918C0B72ED}"
EndProject
Project("{888888A0-9F3D-457C-B088-3A5042F75D52}") = "Binary Search Tree Iterator", "Binary Search Tree Iterator\Binary Search Tree Iterator.pyproj", "{6E558617-ECF4-4F5A-A01B-201F0C6F25A2}"
EndProject
Project("{888888A0-9F3D-457C-B088-3A5042F75D52}") = "Balanced Binary Tree", "Balanced Binary Tree\Balanced Binary Tree.pyproj", "{5DB78BCD-DB65-40D7-84E5-15A78F0B077A}"
EndProject
Project("{888888A0-9F3D-457C-B088-3A5042F75D52}") = "Word Search", "Word Search\Word Search.pyproj", "{F46D7DBD-8782-42C7-909D-7E9F054DC9CE}"
EndProject
Project("{888888A0-9F3D-457C-B088-3A5042F75D52}") = "Unique Paths", "Unique Paths\Unique Paths.pyproj", "{15ED19B0-9AC5-4F88-9896-ACA8AE866C97}"
EndProject
Project("{888888A0-9F3D-457C-B088-3A5042F75D52}") = "Unique Paths II", "Unique Paths II\Unique Paths II.pyproj", "{3F50E31C-0777-426E-9344-560B1D1605F2}"
EndProject
Project("{888888A0-9F3D-457C-B088-3A5042F75D52}") = "Trapping Rain Water", "Trapping Rain Water\Trapping Rain Water.pyproj", "{A05391C6-839C-4368-B964-119E7EADCAD4}"
EndProject
Project("{888888A0-9F3D-457C-B088-3A5042F75D52}") = "Subsets", "Subsets\Subsets.pyproj", "{A7941940-0907-4835-94CD-A8E265DA5965}"
EndProject
Project("{888888A0-9F3D-457C-B088-3A5042F75D52}") = "Subsets ii", "Subsets ii\Subsets ii.pyproj", "{B1ED96D5-1457-4C9F-875F-685F3D11716C}"
EndProject
Project("{888888A0-9F3D-457C-B088-3A5042F75D52}") = "Spiral Matrix", "Spiral Matrix\Spiral Matrix.pyproj", "{783F17BA-F5E5-4197-B5BF-AC88CB9C89DA}"
EndProject
Project("{888888A0-9F3D-457C-B088-3A5042F75D52}") = "Spiral Matrix II", "Spiral Matrix II\Spiral Matrix II.pyproj", "{2B6724CE-2346-40CE-A6F1-7CBDBE94AA64}"
EndProject
Project("{888888A0-9F3D-457C-B088-3A5042F75D52}") = "Search for a Range", "Search for a Range\Search for a Range.pyproj", "{D85CA606-1CB9-4F58-9372-ECA74FC26586}"
EndProject
Project("{888888A0-9F3D-457C-B088-3A5042F75D52}") = "Search a 2D Matrix", "Search a 2D Matrix\Search a 2D Matrix.pyproj", "{DE73F2F9-09A0-413E-ADA8-CAA8C577A3F2}"
EndProject
Project("{888888A0-9F3D-457C-B088-3A5042F75D52}") = "Rotate Image", "Rotate Image\Rotate Image.pyproj", "{6A778A3D-ED62-4BF9-9CA2-5F8CF10757AD}"
EndProject
Project("{888888A0-9F3D-457C-B088-3A5042F75D52}") = "Sort Colors", "Sort Colors\Sort Colors.pyproj", "{AE4402A1-0349-40A7-8AE6-0FB9EF406F37}"
EndProject
Project("{888888A0-9F3D-457C-B088-3A5042F75D52}") = "Set Matrix Zeroes", "Set Matrix Zeroes\Set Matrix Zeroes.pyproj", "{81BA5040-E39F-4528-9393-C0063FEEC2D7}"
EndProject
Project("{888888A0-9F3D-457C-B088-3A5042F75D52}") = "Rotate Array", "Rotate Array\Rotate Array.pyproj", "{AA687900-B365-4808-BE7D-D6C670C6BC2E}"
EndProject
Project("{888888A0-9F3D-457C-B088-3A5042F75D52}") = "Search Insert Position", "Search Insert Position\Search Insert Position.pyproj", "{A5BF3982-BD71-44CC-BABA-F15C5185943E}"
EndProject
Project("{888888A0-9F3D-457C-B088-3A5042F75D52}") = "Remove Element", "Remove Element\Remove Element.pyproj", "{29448680-BCB0-409E-837C-B03FB85369A3}"
EndProject
Project("{888888A0-9F3D-457C-B088-3A5042F75D52}") = "plus one", "plus one\plus one.pyproj", "{E067C2BE-C1A5-46EE-8F7D-5C5C476773E2}"
EndProject
Project("{888888A0-9F3D-457C-B088-3A5042F75D52}") = "Pascal's Triangle", "Pascal's Triangle\Pascal's Triangle.pyproj", "{ACF89D37-D83D-4EF5-B73B-8B5CE94D0C57}"
EndProject
Project("{888888A0-9F3D-457C-B088-3A5042F75D52}") = "pascal's triangle ii", "pascal's triangle ii\pascal's triangle ii.pyproj", "{33D80F18-DF90-4DF9-86B9-D46420E7761D}"
EndProject
Project("{888888A0-9F3D-457C-B088-3A5042F75D52}") = "Next Permutation", "Next Permutation\Next Permutation.pyproj", "{4A76A835-777A-4243-8EC3-EB2FB511B527}"
EndProject
Project("{888888A0-9F3D-457C-B088-3A5042F75D52}") = "Merge Intervals", "Merge Intervals\Merge Intervals.pyproj", "{D41786EF-7FF8-42F8-BFA5-1693254C14BE}"
EndProject
Project("{888888A0-9F3D-457C-B088-3A5042F75D52}") = "Maximum Subarray", "Maximum Subarray\Maximum Subarray.pyproj", "{31A58878-AC2F-4A52-9659-D34C1D3992A2}"
EndProject
Project("{888888A0-9F3D-457C-B088-3A5042F75D52}") = "majority of elements", "majority of elements\majority of elements.pyproj", "{A364C063-75F0-468E-A4CE-AADC189097AA}"
EndProject
Project("{888888A0-9F3D-457C-B088-3A5042F75D52}") = "Longest Consecutive Sequence", "Longest Consecutive Sequence\Longest Consecutive Sequence.pyproj", "{A7A6BF81-3AA9-45BA-B85C-8560B065EEAD}"
EndProject
Project("{888888A0-9F3D-457C-B088-3A5042F75D52}") = "Jump Game", "Jump Game\Jump Game.pyproj", "{BE0AA8F8-9789-4338-AE83-8E21E60E44A5}"
EndProject
Project("{888888A0-9F3D-457C-B088-3A5042F75D52}") = "Jump Game II", "Jump Game II\Jump Game II.pyproj", "{75ED74CA-FC4B-4AE0-B862-40DF52B75A60}"
EndProject
Project("{888888A0-9F3D-457C-B088-3A5042F75D52}") = "First Missing Positive", "First Missing Positive\First Missing Positive.pyproj", "{238A50A4-A8E5-407B-9898-C1630148BCF2}"
EndProject
Project("{888888A0-9F3D-457C-B088-3A5042F75D52}") = "Find Peak Element", "Find Peak Element\Find Peak Element.pyproj", "{A0AC0B61-4CDD-4721-94C4-E341040CF7CD}"
EndProject
Project("{888888A0-9F3D-457C-B088-3A5042F75D52}") = "Combination Sum", "Combination Sum\Combination Sum.pyproj", "{3DEAF548-2385-4242-8327-6249119C180F}"
EndProject
Project("{888888A0-9F3D-457C-B088-3A5042F75D52}") = "Combination Sum II", "Combination Sum II\Combination Sum II.pyproj", "{A4E0CA84-1A37-4746-8092-5AD96396F551}"
EndProject
Project("{888888A0-9F3D-457C-B088-3A5042F75D52}") = "Best Time to Buy and Sell Stock", "Best Time to Buy and Sell Stock\Best Time to Buy and Sell Stock.pyproj", "{D2DCEEB3-26CD-43DB-BFD6-8ED6FA166C33}"
EndProject
Project("{888888A0-9F3D-457C-B088-3A5042F75D52}") = "Best Time to Buy and Sell Stock II", "Best Time to Buy and Sell Stock II\Best Time to Buy and Sell Stock II.pyproj", "{99A1AEF6-4E06-4077-A727-6BB5EB03958D}"
EndProject
Project("{888888A0-9F3D-457C-B088-3A5042F75D52}") = "Best Time to Buy and Sell Stock III", "Best Time to Buy and Sell Stock III\Best Time to Buy and Sell Stock III.pyproj", "{AA296431-4EAB-4F89-AB66-81FA53642A6A}"
EndProject
Project("{888888A0-9F3D-457C-B088-3A5042F75D52}") = "Container With Most Water", "Container With Most Water\Container With Most Water.pyproj", "{2AA85CC1-9C39-483C-8323-81492686E65C}"
EndProject
Project("{888888A0-9F3D-457C-B088-3A5042F75D52}") = "3Sum", "3Sum\3Sum.pyproj", "{867A5411-3B86-4F32-9167-9DFFB4AFE241}"
EndProject
Project("{888888A0-9F3D-457C-B088-3A5042F75D52}") = "3Sum Closest", "3Sum Closest\3Sum Closest.pyproj", "{64451D53-72B8-4191-BB92-339FAB7DE522}"
EndProject
Project("{888888A0-9F3D-457C-B088-3A5042F75D52}") = "Swap Nodes in Pairs", "Swap Nodes in Pairs\Swap Nodes in Pairs.pyproj", "{CFB88DC2-52A9-419B-AE41-C394599278DC}"
EndProject
Project("{888888A0-9F3D-457C-B088-3A5042F75D52}") = "Sort List", "Sort List\Sort List.pyproj", "{BB517540-BF99-4D03-968E-BC6DE02F0C56}"
EndProject
Project("{888888A0-9F3D-457C-B088-3A5042F75D52}") = "Rotate List", "Rotate List\Rotate List.pyproj", "{C4BA8D52-F58A-4810-9BFE-A9CA5E1B535E}"
EndProject
Project("{888888A0-9F3D-457C-B088-3A5042F75D52}") = "Reverse Nodes in k-Group", "Reverse Nodes in k-Group\Reverse Nodes in k-Group.pyproj", "{F359422C-4ABA-4A46-9058-DDD16E876DCC}"
EndProject
Project("{888888A0-9F3D-457C-B088-3A5042F75D52}") = "Reverse Linked List II", "Reverse Linked List II\Reverse Linked List II.pyproj", "{960EFDD9-C6BB-4E88-B7B2-A1D74786FD87}"
EndProject
Project("{888888A0-9F3D-457C-B088-3A5042F75D52}") = "Reorder List", "Reorder List\Reorder List.pyproj", "{37C558FC-C14C-441F-90D2-9919204BEEAC}"
EndProject
Project("{888888A0-9F3D-457C-B088-3A5042F75D52}") = "Remove Nth Node From End of List", "Remove Nth Node From End of List\Remove Nth Node From End of List.pyproj", "{0006C88C-D029-4EF2-926F-4C1524324A56}"
EndProject
Project("{888888A0-9F3D-457C-B088-3A5042F75D52}") = "Remove Duplicates from Sorted List", "Remove Duplicates from Sorted List\Remove Duplicates from Sorted List.pyproj", "{946AD8E5-D577-4869-9E7F-E00F5BD58E33}"
EndProject
Project("{888888A0-9F3D-457C-B088-3A5042F75D52}") = "Merge k Sorted Lists", "Merge k Sorted Lists\Merge k Sorted Lists.pyproj", "{89EE516C-6049-4007-AEE1-8BAB0F6B3F39}"
EndProject
Project("{888888A0-9F3D-457C-B088-3A5042F75D52}") = "Linked List Cycle", "Linked List Cycle\Linked List Cycle.pyproj", "{F749AE1E-6108-445F-B8CB-E5BADADC4DD6}"
EndProject
Project("{888888A0-9F3D-457C-B088-3A5042F75D52}") = "Linked List Cycle II", "Linked List Cycle II\Linked List Cycle II.pyproj", "{1043804A-DD15-483E-A2A7-3AFD74643D71}"
EndProject
Project("{888888A0-9F3D-457C-B088-3A5042F75D52}") = "Intersection of Two Linked Lists", "Intersection of Two Linked Lists\Intersection of Two Linked Lists.pyproj", "{DB2146CF-4AAE-40AA-A0C6-FD90BCC86884}"
EndProject
Project("{888888A0-9F3D-457C-B088-3A5042F75D52}") = "Insertion Sort List", "Insertion Sort List\Insertion Sort List.pyproj", "{E13D5D35-E41F-4060-913B-8C15B8A63C00}"
EndProject
Project("{888888A0-9F3D-457C-B088-3A5042F75D52}") = "Convert Sorted List to Binary Search Tree", "Convert Sorted List to Binary Search Tree\Convert Sorted List to Binary Search Tree.pyproj", "{5EAF0766-4AB9-435C-9914-0D270079ED11}"
EndProject
Project("{888888A0-9F3D-457C-B088-3A5042F75D52}") = "Add Two Numbers", "Add Two Numbers\Add Two Numbers.pyproj", "{7A57D1A7-8DBB-4429-B98C-94CF7F9B7FA0}"
EndProject
Project("{888888A0-9F3D-457C-B088-3A5042F75D52}") = "Pow(x, n)", "Pow(x, n)\Pow(x, n).pyproj", "{94934EDC-03FE-4F35-855C-EB76E81EC79C}"
EndProject
Project("{888888A0-9F3D-457C-B088-3A5042F75D52}") = "sqrt", "sqrt\sqrt.pyproj", "{2D8FA68F-3B6F-46AC-A2DD-6F8BCF9C7C80}"
EndProject
Project("{888888A0-9F3D-457C-B088-3A5042F75D52}") = "Add Binary", "Add Binary\Add Binary.pyproj", "{322B7297-AA6F-4D14-B9A5-EA79ABE4F20A}"
EndProject
Global
	GlobalSection(SolutionConfigurationPlatforms) = preSolution
		Debug|Any CPU = Debug|Any CPU
		Release|Any CPU = Release|Any CPU
	EndGlobalSection
	GlobalSection(ProjectConfigurationPlatforms) = postSolution
		{2D1B26F6-F05C-40F4-AA8B-85F222F3ABEF}.Debug|Any CPU.ActiveCfg = Debug|Any CPU
		{2D1B26F6-F05C-40F4-AA8B-85F222F3ABEF}.Release|Any CPU.ActiveCfg = Release|Any CPU
		{61B888AD-F94E-4A7F-ABDE-D51BB9EC18E3}.Debug|Any CPU.ActiveCfg = Debug|Any CPU
		{61B888AD-F94E-4A7F-ABDE-D51BB9EC18E3}.Release|Any CPU.ActiveCfg = Release|Any CPU
		{C55BACA0-0AA0-4D84-B6CD-7207D630110B}.Debug|Any CPU.ActiveCfg = Debug|Any CPU
		{C55BACA0-0AA0-4D84-B6CD-7207D630110B}.Release|Any CPU.ActiveCfg = Release|Any CPU
		{26261155-E3BC-4AF0-8E09-5F5A6F508D0F}.Debug|Any CPU.ActiveCfg = Debug|Any CPU
		{26261155-E3BC-4AF0-8E09-5F5A6F508D0F}.Release|Any CPU.ActiveCfg = Release|Any CPU
		{2A1608E7-D969-41AC-93A5-EA70B70ABD8D}.Debug|Any CPU.ActiveCfg = Debug|Any CPU
		{2A1608E7-D969-41AC-93A5-EA70B70ABD8D}.Release|Any CPU.ActiveCfg = Release|Any CPU
		{40CEFC72-1777-469E-9672-D169BBCB0D6B}.Debug|Any CPU.ActiveCfg = Debug|Any CPU
		{40CEFC72-1777-469E-9672-D169BBCB0D6B}.Release|Any CPU.ActiveCfg = Release|Any CPU
		{9086ABC3-CBF7-4FFC-8E50-A68D27D28422}.Debug|Any CPU.ActiveCfg = Debug|Any CPU
		{9086ABC3-CBF7-4FFC-8E50-A68D27D28422}.Release|Any CPU.ActiveCfg = Release|Any CPU
		{DEECBF51-926C-4119-9EB3-90053FECF16A}.Debug|Any CPU.ActiveCfg = Debug|Any CPU
		{DEECBF51-926C-4119-9EB3-90053FECF16A}.Release|Any CPU.ActiveCfg = Release|Any CPU
		{B906AA7A-8D9E-499F-A009-4A18B4B4E5EE}.Debug|Any CPU.ActiveCfg = Debug|Any CPU
		{B906AA7A-8D9E-499F-A009-4A18B4B4E5EE}.Release|Any CPU.ActiveCfg = Release|Any CPU
		{E6B6B6A6-2714-4BCE-BF7F-AF812E718AF1}.Debug|Any CPU.ActiveCfg = Debug|Any CPU
		{E6B6B6A6-2714-4BCE-BF7F-AF812E718AF1}.Release|Any CPU.ActiveCfg = Release|Any CPU
		{C55D7730-6C3F-4965-9184-8FF7266A6E06}.Debug|Any CPU.ActiveCfg = Debug|Any CPU
		{C55D7730-6C3F-4965-9184-8FF7266A6E06}.Release|Any CPU.ActiveCfg = Release|Any CPU
		{64B2784F-BE8B-4E8C-BB27-B115D377FF21}.Debug|Any CPU.ActiveCfg = Debug|Any CPU
		{64B2784F-BE8B-4E8C-BB27-B115D377FF21}.Release|Any CPU.ActiveCfg = Release|Any CPU
		{C714C744-B701-49F3-A38B-4BD6C557F7FB}.Debug|Any CPU.ActiveCfg = Debug|Any CPU
		{C714C744-B701-49F3-A38B-4BD6C557F7FB}.Release|Any CPU.ActiveCfg = Release|Any CPU
		{E01BC900-8C81-417D-A3A0-CE6C9768819E}.Debug|Any CPU.ActiveCfg = Debug|Any CPU
		{E01BC900-8C81-417D-A3A0-CE6C9768819E}.Release|Any CPU.ActiveCfg = Release|Any CPU
		{0DADE8F2-4362-4DF8-AECB-9E222830D3CA}.Debug|Any CPU.ActiveCfg = Debug|Any CPU
		{0DADE8F2-4362-4DF8-AECB-9E222830D3CA}.Release|Any CPU.ActiveCfg = Release|Any CPU
		{C337E0F9-2827-4455-89E8-5D31A773C335}.Debug|Any CPU.ActiveCfg = Debug|Any CPU
		{C337E0F9-2827-4455-89E8-5D31A773C335}.Release|Any CPU.ActiveCfg = Release|Any CPU
		{02A983AD-261C-4D7B-BB8A-0BAE45B3A00B}.Debug|Any CPU.ActiveCfg = Debug|Any CPU
		{02A983AD-261C-4D7B-BB8A-0BAE45B3A00B}.Release|Any CPU.ActiveCfg = Release|Any CPU
		{E12C5F5F-D0A6-43DE-94B4-706A592DAD73}.Debug|Any CPU.ActiveCfg = Debug|Any CPU
		{E12C5F5F-D0A6-43DE-94B4-706A592DAD73}.Release|Any CPU.ActiveCfg = Release|Any CPU
		{798D6A42-B77F-4C65-95B5-F89E36C132AD}.Debug|Any CPU.ActiveCfg = Debug|Any CPU
		{798D6A42-B77F-4C65-95B5-F89E36C132AD}.Release|Any CPU.ActiveCfg = Release|Any CPU
		{A3716852-52AC-4B82-8651-D8FD4758860C}.Debug|Any CPU.ActiveCfg = Debug|Any CPU
		{A3716852-52AC-4B82-8651-D8FD4758860C}.Release|Any CPU.ActiveCfg = Release|Any CPU
		{E872F93C-7540-4E68-8EF1-8C5670C67AD2}.Debug|Any CPU.ActiveCfg = Debug|Any CPU
		{E872F93C-7540-4E68-8EF1-8C5670C67AD2}.Release|Any CPU.ActiveCfg = Release|Any CPU
		{71234648-FF11-4011-8635-8B298C92B9BD}.Debug|Any CPU.ActiveCfg = Debug|Any CPU
		{71234648-FF11-4011-8635-8B298C92B9BD}.Release|Any CPU.ActiveCfg = Release|Any CPU
		{6E8E4F5A-7277-400A-9DDA-A7851EA71E60}.Debug|Any CPU.ActiveCfg = Debug|Any CPU
		{6E8E4F5A-7277-400A-9DDA-A7851EA71E60}.Release|Any CPU.ActiveCfg = Release|Any CPU
		{2D8EFB72-C2CA-49C1-861D-48918C0B72ED}.Debug|Any CPU.ActiveCfg = Debug|Any CPU
		{2D8EFB72-C2CA-49C1-861D-48918C0B72ED}.Release|Any CPU.ActiveCfg = Release|Any CPU
		{6E558617-ECF4-4F5A-A01B-201F0C6F25A2}.Debug|Any CPU.ActiveCfg = Debug|Any CPU
		{6E558617-ECF4-4F5A-A01B-201F0C6F25A2}.Release|Any CPU.ActiveCfg = Release|Any CPU
		{5DB78BCD-DB65-40D7-84E5-15A78F0B077A}.Debug|Any CPU.ActiveCfg = Debug|Any CPU
		{5DB78BCD-DB65-40D7-84E5-15A78F0B077A}.Release|Any CPU.ActiveCfg = Release|Any CPU
		{F46D7DBD-8782-42C7-909D-7E9F054DC9CE}.Debug|Any CPU.ActiveCfg = Debug|Any CPU
		{F46D7DBD-8782-42C7-909D-7E9F054DC9CE}.Release|Any CPU.ActiveCfg = Release|Any CPU
		{15ED19B0-9AC5-4F88-9896-ACA8AE866C97}.Debug|Any CPU.ActiveCfg = Debug|Any CPU
		{15ED19B0-9AC5-4F88-9896-ACA8AE866C97}.Release|Any CPU.ActiveCfg = Release|Any CPU
		{3F50E31C-0777-426E-9344-560B1D1605F2}.Debug|Any CPU.ActiveCfg = Debug|Any CPU
		{3F50E31C-0777-426E-9344-560B1D1605F2}.Release|Any CPU.ActiveCfg = Release|Any CPU
		{A05391C6-839C-4368-B964-119E7EADCAD4}.Debug|Any CPU.ActiveCfg = Debug|Any CPU
		{A05391C6-839C-4368-B964-119E7EADCAD4}.Release|Any CPU.ActiveCfg = Release|Any CPU
		{A7941940-0907-4835-94CD-A8E265DA5965}.Debug|Any CPU.ActiveCfg = Debug|Any CPU
		{A7941940-0907-4835-94CD-A8E265DA5965}.Release|Any CPU.ActiveCfg = Release|Any CPU
		{B1ED96D5-1457-4C9F-875F-685F3D11716C}.Debug|Any CPU.ActiveCfg = Debug|Any CPU
		{B1ED96D5-1457-4C9F-875F-685F3D11716C}.Release|Any CPU.ActiveCfg = Release|Any CPU
		{783F17BA-F5E5-4197-B5BF-AC88CB9C89DA}.Debug|Any CPU.ActiveCfg = Debug|Any CPU
		{783F17BA-F5E5-4197-B5BF-AC88CB9C89DA}.Release|Any CPU.ActiveCfg = Release|Any CPU
		{2B6724CE-2346-40CE-A6F1-7CBDBE94AA64}.Debug|Any CPU.ActiveCfg = Debug|Any CPU
		{2B6724CE-2346-40CE-A6F1-7CBDBE94AA64}.Release|Any CPU.ActiveCfg = Release|Any CPU
		{D85CA606-1CB9-4F58-9372-ECA74FC26586}.Debug|Any CPU.ActiveCfg = Debug|Any CPU
		{D85CA606-1CB9-4F58-9372-ECA74FC26586}.Release|Any CPU.ActiveCfg = Release|Any CPU
		{DE73F2F9-09A0-413E-ADA8-CAA8C577A3F2}.Debug|Any CPU.ActiveCfg = Debug|Any CPU
		{DE73F2F9-09A0-413E-ADA8-CAA8C577A3F2}.Release|Any CPU.ActiveCfg = Release|Any CPU
		{6A778A3D-ED62-4BF9-9CA2-5F8CF10757AD}.Debug|Any CPU.ActiveCfg = Debug|Any CPU
		{6A778A3D-ED62-4BF9-9CA2-5F8CF10757AD}.Release|Any CPU.ActiveCfg = Release|Any CPU
		{AE4402A1-0349-40A7-8AE6-0FB9EF406F37}.Debug|Any CPU.ActiveCfg = Debug|Any CPU
		{AE4402A1-0349-40A7-8AE6-0FB9EF406F37}.Release|Any CPU.ActiveCfg = Release|Any CPU
		{81BA5040-E39F-4528-9393-C0063FEEC2D7}.Debug|Any CPU.ActiveCfg = Debug|Any CPU
		{81BA5040-E39F-4528-9393-C0063FEEC2D7}.Release|Any CPU.ActiveCfg = Release|Any CPU
		{AA687900-B365-4808-BE7D-D6C670C6BC2E}.Debug|Any CPU.ActiveCfg = Debug|Any CPU
		{AA687900-B365-4808-BE7D-D6C670C6BC2E}.Release|Any CPU.ActiveCfg = Release|Any CPU
		{A5BF3982-BD71-44CC-BABA-F15C5185943E}.Debug|Any CPU.ActiveCfg = Debug|Any CPU
		{A5BF3982-BD71-44CC-BABA-F15C5185943E}.Release|Any CPU.ActiveCfg = Release|Any CPU
		{29448680-BCB0-409E-837C-B03FB85369A3}.Debug|Any CPU.ActiveCfg = Debug|Any CPU
		{29448680-BCB0-409E-837C-B03FB85369A3}.Release|Any CPU.ActiveCfg = Release|Any CPU
		{E067C2BE-C1A5-46EE-8F7D-5C5C476773E2}.Debug|Any CPU.ActiveCfg = Debug|Any CPU
		{E067C2BE-C1A5-46EE-8F7D-5C5C476773E2}.Release|Any CPU.ActiveCfg = Release|Any CPU
		{ACF89D37-D83D-4EF5-B73B-8B5CE94D0C57}.Debug|Any CPU.ActiveCfg = Debug|Any CPU
		{ACF89D37-D83D-4EF5-B73B-8B5CE94D0C57}.Release|Any CPU.ActiveCfg = Release|Any CPU
		{33D80F18-DF90-4DF9-86B9-D46420E7761D}.Debug|Any CPU.ActiveCfg = Debug|Any CPU
		{33D80F18-DF90-4DF9-86B9-D46420E7761D}.Release|Any CPU.ActiveCfg = Release|Any CPU
		{4A76A835-777A-4243-8EC3-EB2FB511B527}.Debug|Any CPU.ActiveCfg = Debug|Any CPU
		{4A76A835-777A-4243-8EC3-EB2FB511B527}.Release|Any CPU.ActiveCfg = Release|Any CPU
		{D41786EF-7FF8-42F8-BFA5-1693254C14BE}.Debug|Any CPU.ActiveCfg = Debug|Any CPU
		{D41786EF-7FF8-42F8-BFA5-1693254C14BE}.Release|Any CPU.ActiveCfg = Release|Any CPU
		{31A58878-AC2F-4A52-9659-D34C1D3992A2}.Debug|Any CPU.ActiveCfg = Debug|Any CPU
		{31A58878-AC2F-4A52-9659-D34C1D3992A2}.Release|Any CPU.ActiveCfg = Release|Any CPU
		{A364C063-75F0-468E-A4CE-AADC189097AA}.Debug|Any CPU.ActiveCfg = Debug|Any CPU
		{A364C063-75F0-468E-A4CE-AADC189097AA}.Release|Any CPU.ActiveCfg = Release|Any CPU
		{A7A6BF81-3AA9-45BA-B85C-8560B065EEAD}.Debug|Any CPU.ActiveCfg = Debug|Any CPU
		{A7A6BF81-3AA9-45BA-B85C-8560B065EEAD}.Release|Any CPU.ActiveCfg = Release|Any CPU
		{BE0AA8F8-9789-4338-AE83-8E21E60E44A5}.Debug|Any CPU.ActiveCfg = Debug|Any CPU
		{BE0AA8F8-9789-4338-AE83-8E21E60E44A5}.Release|Any CPU.ActiveCfg = Release|Any CPU
		{75ED74CA-FC4B-4AE0-B862-40DF52B75A60}.Debug|Any CPU.ActiveCfg = Debug|Any CPU
		{75ED74CA-FC4B-4AE0-B862-40DF52B75A60}.Release|Any CPU.ActiveCfg = Release|Any CPU
		{238A50A4-A8E5-407B-9898-C1630148BCF2}.Debug|Any CPU.ActiveCfg = Debug|Any CPU
		{238A50A4-A8E5-407B-9898-C1630148BCF2}.Release|Any CPU.ActiveCfg = Release|Any CPU
		{A0AC0B61-4CDD-4721-94C4-E341040CF7CD}.Debug|Any CPU.ActiveCfg = Debug|Any CPU
		{A0AC0B61-4CDD-4721-94C4-E341040CF7CD}.Release|Any CPU.ActiveCfg = Release|Any CPU
		{3DEAF548-2385-4242-8327-6249119C180F}.Debug|Any CPU.ActiveCfg = Debug|Any CPU
		{3DEAF548-2385-4242-8327-6249119C180F}.Release|Any CPU.ActiveCfg = Release|Any CPU
		{A4E0CA84-1A37-4746-8092-5AD96396F551}.Debug|Any CPU.ActiveCfg = Debug|Any CPU
		{A4E0CA84-1A37-4746-8092-5AD96396F551}.Release|Any CPU.ActiveCfg = Release|Any CPU
		{D2DCEEB3-26CD-43DB-BFD6-8ED6FA166C33}.Debug|Any CPU.ActiveCfg = Debug|Any CPU
		{D2DCEEB3-26CD-43DB-BFD6-8ED6FA166C33}.Release|Any CPU.ActiveCfg = Release|Any CPU
		{99A1AEF6-4E06-4077-A727-6BB5EB03958D}.Debug|Any CPU.ActiveCfg = Debug|Any CPU
		{99A1AEF6-4E06-4077-A727-6BB5EB03958D}.Release|Any CPU.ActiveCfg = Release|Any CPU
		{AA296431-4EAB-4F89-AB66-81FA53642A6A}.Debug|Any CPU.ActiveCfg = Debug|Any CPU
		{AA296431-4EAB-4F89-AB66-81FA53642A6A}.Release|Any CPU.ActiveCfg = Release|Any CPU
		{2AA85CC1-9C39-483C-8323-81492686E65C}.Debug|Any CPU.ActiveCfg = Debug|Any CPU
		{2AA85CC1-9C39-483C-8323-81492686E65C}.Release|Any CPU.ActiveCfg = Release|Any CPU
		{867A5411-3B86-4F32-9167-9DFFB4AFE241}.Debug|Any CPU.ActiveCfg = Debug|Any CPU
		{867A5411-3B86-4F32-9167-9DFFB4AFE241}.Release|Any CPU.ActiveCfg = Release|Any CPU
		{64451D53-72B8-4191-BB92-339FAB7DE522}.Debug|Any CPU.ActiveCfg = Debug|Any CPU
		{64451D53-72B8-4191-BB92-339FAB7DE522}.Release|Any CPU.ActiveCfg = Release|Any CPU
		{CFB88DC2-52A9-419B-AE41-C394599278DC}.Debug|Any CPU.ActiveCfg = Debug|Any CPU
		{CFB88DC2-52A9-419B-AE41-C394599278DC}.Release|Any CPU.ActiveCfg = Release|Any CPU
		{BB517540-BF99-4D03-968E-BC6DE02F0C56}.Debug|Any CPU.ActiveCfg = Debug|Any CPU
		{BB517540-BF99-4D03-968E-BC6DE02F0C56}.Release|Any CPU.ActiveCfg = Release|Any CPU
		{C4BA8D52-F58A-4810-9BFE-A9CA5E1B535E}.Debug|Any CPU.ActiveCfg = Debug|Any CPU
		{C4BA8D52-F58A-4810-9BFE-A9CA5E1B535E}.Release|Any CPU.ActiveCfg = Release|Any CPU
		{F359422C-4ABA-4A46-9058-DDD16E876DCC}.Debug|Any CPU.ActiveCfg = Debug|Any CPU
		{F359422C-4ABA-4A46-9058-DDD16E876DCC}.Release|Any CPU.ActiveCfg = Release|Any CPU
		{960EFDD9-C6BB-4E88-B7B2-A1D74786FD87}.Debug|Any CPU.ActiveCfg = Debug|Any CPU
		{960EFDD9-C6BB-4E88-B7B2-A1D74786FD87}.Release|Any CPU.ActiveCfg = Release|Any CPU
		{37C558FC-C14C-441F-90D2-9919204BEEAC}.Debug|Any CPU.ActiveCfg = Debug|Any CPU
		{37C558FC-C14C-441F-90D2-9919204BEEAC}.Release|Any CPU.ActiveCfg = Release|Any CPU
		{0006C88C-D029-4EF2-926F-4C1524324A56}.Debug|Any CPU.ActiveCfg = Debug|Any CPU
		{0006C88C-D029-4EF2-926F-4C1524324A56}.Release|Any CPU.ActiveCfg = Release|Any CPU
		{946AD8E5-D577-4869-9E7F-E00F5BD58E33}.Debug|Any CPU.ActiveCfg = Debug|Any CPU
		{946AD8E5-D577-4869-9E7F-E00F5BD58E33}.Release|Any CPU.ActiveCfg = Release|Any CPU
		{89EE516C-6049-4007-AEE1-8BAB0F6B3F39}.Debug|Any CPU.ActiveCfg = Debug|Any CPU
		{89EE516C-6049-4007-AEE1-8BAB0F6B3F39}.Release|Any CPU.ActiveCfg = Release|Any CPU
		{F749AE1E-6108-445F-B8CB-E5BADADC4DD6}.Debug|Any CPU.ActiveCfg = Debug|Any CPU
		{F749AE1E-6108-445F-B8CB-E5BADADC4DD6}.Release|Any CPU.ActiveCfg = Release|Any CPU
		{1043804A-DD15-483E-A2A7-3AFD74643D71}.Debug|Any CPU.ActiveCfg = Debug|Any CPU
		{1043804A-DD15-483E-A2A7-3AFD74643D71}.Release|Any CPU.ActiveCfg = Release|Any CPU
		{DB2146CF-4AAE-40AA-A0C6-FD90BCC86884}.Debug|Any CPU.ActiveCfg = Debug|Any CPU
		{DB2146CF-4AAE-40AA-A0C6-FD90BCC86884}.Release|Any CPU.ActiveCfg = Release|Any CPU
		{E13D5D35-E41F-4060-913B-8C15B8A63C00}.Debug|Any CPU.ActiveCfg = Debug|Any CPU
		{E13D5D35-E41F-4060-913B-8C15B8A63C00}.Release|Any CPU.ActiveCfg = Release|Any CPU
		{5EAF0766-4AB9-435C-9914-0D270079ED11}.Debug|Any CPU.ActiveCfg = Debug|Any CPU
		{5EAF0766-4AB9-435C-9914-0D270079ED11}.Release|Any CPU.ActiveCfg = Release|Any CPU
		{7A57D1A7-8DBB-4429-B98C-94CF7F9B7FA0}.Debug|Any CPU.ActiveCfg = Debug|Any CPU
		{7A57D1A7-8DBB-4429-B98C-94CF7F9B7FA0}.Release|Any CPU.ActiveCfg = Release|Any CPU
		{94934EDC-03FE-4F35-855C-EB76E81EC79C}.Debug|Any CPU.ActiveCfg = Debug|Any CPU
		{94934EDC-03FE-4F35-855C-EB76E81EC79C}.Release|Any CPU.ActiveCfg = Release|Any CPU
		{2D8FA68F-3B6F-46AC-A2DD-6F8BCF9C7C80}.Debug|Any CPU.ActiveCfg = Debug|Any CPU
		{2D8FA68F-3B6F-46AC-A2DD-6F8BCF9C7C80}.Release|Any CPU.ActiveCfg = Release|Any CPU
		{322B7297-AA6F-4D14-B9A5-EA79ABE4F20A}.Debug|Any CPU.ActiveCfg = Debug|Any CPU
		{322B7297-AA6F-4D14-B9A5-EA79ABE4F20A}.Release|Any CPU.ActiveCfg = Release|Any CPU
	EndGlobalSection
	GlobalSection(SolutionProperties) = preSolution
		HideSolutionNode = FALSE
	EndGlobalSection
EndGlobal
