
Microsoft Visual Studio Solution File, Format Version 10.00
# Visual Studio 2008
Project("{E24C65DC-7377-472B-9ABA-BC803B73C61A}") = "Web", "Web", "{FFEF5E10-1D89-4941-ABE6-DF9ED0475213}"
	ProjectSection(WebsiteProperties) = preProject
		TargetFramework = "3.5"
		ProjectReferences = "{333C6B87-8189-49C5-A3E5-04A68F667C27}|Hotel.BLL.dll;{C0FEBFD4-307E-4C9A-877A-89CA2C211988}|Hotel.DALFactory.dll;{A47E5653-9C06-4DDF-9FCE-DBDAEEB5D335}|Hotel.IDAL.dll;{AE1F2308-A519-4039-9B47-127798BC3278}|Hotel.Model.dll;{C93654F4-A4E1-41EC-BA55-93E94D111508}|Hotel.SQLServerDAL.dll;{46C90AB8-8176-45EB-BD2E-D177292BEDF4}|Hotel.DBUtility.dll;"
		Debug.AspNetCompiler.VirtualPath = "/Web"
		Debug.AspNetCompiler.PhysicalPath = "Web\"
		Debug.AspNetCompiler.TargetPath = "PrecompiledWeb\Web\"
		Debug.AspNetCompiler.Updateable = "true"
		Debug.AspNetCompiler.ForceOverwrite = "true"
		Debug.AspNetCompiler.FixedNames = "false"
		Debug.AspNetCompiler.Debug = "True"
		Release.AspNetCompiler.VirtualPath = "/Web"
		Release.AspNetCompiler.PhysicalPath = "Web\"
		Release.AspNetCompiler.TargetPath = "PrecompiledWeb\Web\"
		Release.AspNetCompiler.Updateable = "true"
		Release.AspNetCompiler.ForceOverwrite = "true"
		Release.AspNetCompiler.FixedNames = "false"
		Release.AspNetCompiler.Debug = "False"
		VWDPort = "31512"
		DefaultWebSiteLanguage = "Visual C#"
	EndProjectSection
EndProject
Project("{FAE04EC0-301F-11D3-BF4B-00C04F79EFBC}") = "Model", "Model\Model.csproj", "{AE1F2308-A519-4039-9B47-127798BC3278}"
EndProject
Project("{FAE04EC0-301F-11D3-BF4B-00C04F79EFBC}") = "SQLServerDAL", "SQLServerDAL\SQLServerDAL.csproj", "{C93654F4-A4E1-41EC-BA55-93E94D111508}"
EndProject
Project("{FAE04EC0-301F-11D3-BF4B-00C04F79EFBC}") = "IDAL", "IDAL\IDAL.csproj", "{A47E5653-9C06-4DDF-9FCE-DBDAEEB5D335}"
EndProject
Project("{FAE04EC0-301F-11D3-BF4B-00C04F79EFBC}") = "DBUtility", "DBUtility\DBUtility.csproj", "{46C90AB8-8176-45EB-BD2E-D177292BEDF4}"
EndProject
Project("{FAE04EC0-301F-11D3-BF4B-00C04F79EFBC}") = "DALFactory", "DALFactory\DALFactory.csproj", "{C0FEBFD4-307E-4C9A-877A-89CA2C211988}"
EndProject
Project("{FAE04EC0-301F-11D3-BF4B-00C04F79EFBC}") = "BLL", "BLL\BLL.csproj", "{333C6B87-8189-49C5-A3E5-04A68F667C27}"
EndProject
Global
	GlobalSection(SolutionConfigurationPlatforms) = preSolution
		Debug|.NET = Debug|.NET
		Debug|Any CPU = Debug|Any CPU
		Debug|Mixed Platforms = Debug|Mixed Platforms
		Release|.NET = Release|.NET
		Release|Any CPU = Release|Any CPU
		Release|Mixed Platforms = Release|Mixed Platforms
	EndGlobalSection
	GlobalSection(ProjectConfigurationPlatforms) = postSolution
		{FFEF5E10-1D89-4941-ABE6-DF9ED0475213}.Debug|.NET.ActiveCfg = Debug|.NET
		{FFEF5E10-1D89-4941-ABE6-DF9ED0475213}.Debug|.NET.Build.0 = Debug|.NET
		{FFEF5E10-1D89-4941-ABE6-DF9ED0475213}.Debug|Any CPU.ActiveCfg = Debug|.NET
		{FFEF5E10-1D89-4941-ABE6-DF9ED0475213}.Debug|Mixed Platforms.ActiveCfg = Debug|.NET
		{FFEF5E10-1D89-4941-ABE6-DF9ED0475213}.Debug|Mixed Platforms.Build.0 = Debug|.NET
		{FFEF5E10-1D89-4941-ABE6-DF9ED0475213}.Release|.NET.ActiveCfg = Debug|.NET
		{FFEF5E10-1D89-4941-ABE6-DF9ED0475213}.Release|.NET.Build.0 = Debug|.NET
		{FFEF5E10-1D89-4941-ABE6-DF9ED0475213}.Release|Any CPU.ActiveCfg = Debug|.NET
		{FFEF5E10-1D89-4941-ABE6-DF9ED0475213}.Release|Mixed Platforms.ActiveCfg = Debug|.NET
		{FFEF5E10-1D89-4941-ABE6-DF9ED0475213}.Release|Mixed Platforms.Build.0 = Debug|.NET
		{AE1F2308-A519-4039-9B47-127798BC3278}.Debug|.NET.ActiveCfg = Debug|Any CPU
		{AE1F2308-A519-4039-9B47-127798BC3278}.Debug|Any CPU.ActiveCfg = Debug|Any CPU
		{AE1F2308-A519-4039-9B47-127798BC3278}.Debug|Any CPU.Build.0 = Debug|Any CPU
		{AE1F2308-A519-4039-9B47-127798BC3278}.Debug|Mixed Platforms.ActiveCfg = Debug|Any CPU
		{AE1F2308-A519-4039-9B47-127798BC3278}.Debug|Mixed Platforms.Build.0 = Debug|Any CPU
		{AE1F2308-A519-4039-9B47-127798BC3278}.Release|.NET.ActiveCfg = Release|Any CPU
		{AE1F2308-A519-4039-9B47-127798BC3278}.Release|Any CPU.ActiveCfg = Release|Any CPU
		{AE1F2308-A519-4039-9B47-127798BC3278}.Release|Any CPU.Build.0 = Release|Any CPU
		{AE1F2308-A519-4039-9B47-127798BC3278}.Release|Mixed Platforms.ActiveCfg = Release|Any CPU
		{AE1F2308-A519-4039-9B47-127798BC3278}.Release|Mixed Platforms.Build.0 = Release|Any CPU
		{C93654F4-A4E1-41EC-BA55-93E94D111508}.Debug|.NET.ActiveCfg = Debug|Any CPU
		{C93654F4-A4E1-41EC-BA55-93E94D111508}.Debug|Any CPU.ActiveCfg = Debug|Any CPU
		{C93654F4-A4E1-41EC-BA55-93E94D111508}.Debug|Any CPU.Build.0 = Debug|Any CPU
		{C93654F4-A4E1-41EC-BA55-93E94D111508}.Debug|Mixed Platforms.ActiveCfg = Debug|Any CPU
		{C93654F4-A4E1-41EC-BA55-93E94D111508}.Debug|Mixed Platforms.Build.0 = Debug|Any CPU
		{C93654F4-A4E1-41EC-BA55-93E94D111508}.Release|.NET.ActiveCfg = Release|Any CPU
		{C93654F4-A4E1-41EC-BA55-93E94D111508}.Release|Any CPU.ActiveCfg = Release|Any CPU
		{C93654F4-A4E1-41EC-BA55-93E94D111508}.Release|Any CPU.Build.0 = Release|Any CPU
		{C93654F4-A4E1-41EC-BA55-93E94D111508}.Release|Mixed Platforms.ActiveCfg = Release|Any CPU
		{C93654F4-A4E1-41EC-BA55-93E94D111508}.Release|Mixed Platforms.Build.0 = Release|Any CPU
		{A47E5653-9C06-4DDF-9FCE-DBDAEEB5D335}.Debug|.NET.ActiveCfg = Debug|Any CPU
		{A47E5653-9C06-4DDF-9FCE-DBDAEEB5D335}.Debug|Any CPU.ActiveCfg = Debug|Any CPU
		{A47E5653-9C06-4DDF-9FCE-DBDAEEB5D335}.Debug|Any CPU.Build.0 = Debug|Any CPU
		{A47E5653-9C06-4DDF-9FCE-DBDAEEB5D335}.Debug|Mixed Platforms.ActiveCfg = Debug|Any CPU
		{A47E5653-9C06-4DDF-9FCE-DBDAEEB5D335}.Debug|Mixed Platforms.Build.0 = Debug|Any CPU
		{A47E5653-9C06-4DDF-9FCE-DBDAEEB5D335}.Release|.NET.ActiveCfg = Release|Any CPU
		{A47E5653-9C06-4DDF-9FCE-DBDAEEB5D335}.Release|Any CPU.ActiveCfg = Release|Any CPU
		{A47E5653-9C06-4DDF-9FCE-DBDAEEB5D335}.Release|Any CPU.Build.0 = Release|Any CPU
		{A47E5653-9C06-4DDF-9FCE-DBDAEEB5D335}.Release|Mixed Platforms.ActiveCfg = Release|Any CPU
		{A47E5653-9C06-4DDF-9FCE-DBDAEEB5D335}.Release|Mixed Platforms.Build.0 = Release|Any CPU
		{46C90AB8-8176-45EB-BD2E-D177292BEDF4}.Debug|.NET.ActiveCfg = Debug|Any CPU
		{46C90AB8-8176-45EB-BD2E-D177292BEDF4}.Debug|Any CPU.ActiveCfg = Debug|Any CPU
		{46C90AB8-8176-45EB-BD2E-D177292BEDF4}.Debug|Any CPU.Build.0 = Debug|Any CPU
		{46C90AB8-8176-45EB-BD2E-D177292BEDF4}.Debug|Mixed Platforms.ActiveCfg = Debug|Any CPU
		{46C90AB8-8176-45EB-BD2E-D177292BEDF4}.Debug|Mixed Platforms.Build.0 = Debug|Any CPU
		{46C90AB8-8176-45EB-BD2E-D177292BEDF4}.Release|.NET.ActiveCfg = Release|Any CPU
		{46C90AB8-8176-45EB-BD2E-D177292BEDF4}.Release|Any CPU.ActiveCfg = Release|Any CPU
		{46C90AB8-8176-45EB-BD2E-D177292BEDF4}.Release|Any CPU.Build.0 = Release|Any CPU
		{46C90AB8-8176-45EB-BD2E-D177292BEDF4}.Release|Mixed Platforms.ActiveCfg = Release|Any CPU
		{46C90AB8-8176-45EB-BD2E-D177292BEDF4}.Release|Mixed Platforms.Build.0 = Release|Any CPU
		{C0FEBFD4-307E-4C9A-877A-89CA2C211988}.Debug|.NET.ActiveCfg = Debug|Any CPU
		{C0FEBFD4-307E-4C9A-877A-89CA2C211988}.Debug|Any CPU.ActiveCfg = Debug|Any CPU
		{C0FEBFD4-307E-4C9A-877A-89CA2C211988}.Debug|Any CPU.Build.0 = Debug|Any CPU
		{C0FEBFD4-307E-4C9A-877A-89CA2C211988}.Debug|Mixed Platforms.ActiveCfg = Debug|Any CPU
		{C0FEBFD4-307E-4C9A-877A-89CA2C211988}.Debug|Mixed Platforms.Build.0 = Debug|Any CPU
		{C0FEBFD4-307E-4C9A-877A-89CA2C211988}.Release|.NET.ActiveCfg = Release|Any CPU
		{C0FEBFD4-307E-4C9A-877A-89CA2C211988}.Release|Any CPU.ActiveCfg = Release|Any CPU
		{C0FEBFD4-307E-4C9A-877A-89CA2C211988}.Release|Any CPU.Build.0 = Release|Any CPU
		{C0FEBFD4-307E-4C9A-877A-89CA2C211988}.Release|Mixed Platforms.ActiveCfg = Release|Any CPU
		{C0FEBFD4-307E-4C9A-877A-89CA2C211988}.Release|Mixed Platforms.Build.0 = Release|Any CPU
		{333C6B87-8189-49C5-A3E5-04A68F667C27}.Debug|.NET.ActiveCfg = Debug|Any CPU
		{333C6B87-8189-49C5-A3E5-04A68F667C27}.Debug|Any CPU.ActiveCfg = Debug|Any CPU
		{333C6B87-8189-49C5-A3E5-04A68F667C27}.Debug|Any CPU.Build.0 = Debug|Any CPU
		{333C6B87-8189-49C5-A3E5-04A68F667C27}.Debug|Mixed Platforms.ActiveCfg = Debug|Any CPU
		{333C6B87-8189-49C5-A3E5-04A68F667C27}.Debug|Mixed Platforms.Build.0 = Debug|Any CPU
		{333C6B87-8189-49C5-A3E5-04A68F667C27}.Release|.NET.ActiveCfg = Release|Any CPU
		{333C6B87-8189-49C5-A3E5-04A68F667C27}.Release|Any CPU.ActiveCfg = Release|Any CPU
		{333C6B87-8189-49C5-A3E5-04A68F667C27}.Release|Any CPU.Build.0 = Release|Any CPU
		{333C6B87-8189-49C5-A3E5-04A68F667C27}.Release|Mixed Platforms.ActiveCfg = Release|Any CPU
		{333C6B87-8189-49C5-A3E5-04A68F667C27}.Release|Mixed Platforms.Build.0 = Release|Any CPU
	EndGlobalSection
	GlobalSection(SolutionProperties) = preSolution
		HideSolutionNode = FALSE
	EndGlobalSection
EndGlobal
